[[package]]
name = "chardet"
version = "4.0.0"
description = "Universal encoding detector for Python 2 and 3"
category = "main"
optional = false
python-versions = ">=2.7, !=3.0.*, !=3.1.*, !=3.2.*, !=3.3.*, !=3.4.*"

[[package]]
name = "future"
version = "0.18.2"
description = "Clean single-source support for Python 3 and 2"
category = "main"
optional = false
python-versions = ">=2.6, !=3.0.*, !=3.1.*, !=3.2.*"

[[package]]
name = "httpsproxy-urllib2"
version = "1.0"
description = "Python 2.5 urllib2 patched to use CONNECT for https proxies"
category = "main"
optional = false
python-versions = "*"

[[package]]
name = "lxml"
version = "4.9.0"
description = "Powerful and Pythonic XML processing library combining libxml2/libxslt with the ElementTree API."
category = "main"
optional = false
python-versions = ">=2.7, !=3.0.*, !=3.1.*, !=3.2.*, !=3.3.*, != 3.4.*"

[package.extras]
cssselect = ["cssselect (>=0.7)"]
html5 = ["html5lib"]
htmlsoup = ["beautifulsoup4"]
source = ["Cython (>=0.29.7)"]

[[package]]
name = "pymongo"
version = "4.1.1"
description = "Python driver for MongoDB <http://www.mongodb.org>"
category = "main"
optional = false
python-versions = ">=3.6.2"

[package.extras]
aws = ["pymongo-auth-aws (<2.0.0)"]
encryption = ["pymongocrypt (>=1.2.0,<2.0.0)"]
gssapi = ["pykerberos"]
ocsp = ["pyopenssl (>=17.2.0)", "requests (<3.0.0)", "service-identity (>=18.1.0)", "certifi"]
snappy = ["python-snappy"]
srv = ["dnspython (>=1.16.0,<3.0.0)"]
zstd = ["zstandard"]

[metadata]
lock-version = "1.1"
python-versions = "^3.9"
content-hash = "3c743b31218aa822595b358783d4bb65ebcf74501249c4e6111a5f79d14fb540"

[metadata.files]
chardet = [
    {file = "chardet-4.0.0-py2.py3-none-any.whl", hash = "sha256:f864054d66fd9118f2e67044ac8981a54775ec5b67aed0441892edb553d21da5"},
    {file = "chardet-4.0.0.tar.gz", hash = "sha256:0d6f53a15db4120f2b08c94f11e7d93d2c911ee118b6b30a04ec3ee8310179fa"},
]
future = [
    {file = "future-0.18.2.tar.gz", hash = "sha256:b1bead90b70cf6ec3f0710ae53a525360fa360d306a86583adc6bf83a4db537d"},
]
httpsproxy-urllib2 = [
    {file = "httpsproxy_urllib2-1.0.tar.gz", hash = "sha256:d6f53cefc271c2fd02c4639eea17326d74163cfff345a1f55616e8a02192d240"},
]
lxml = [
    {file = "lxml-4.9.0-cp27-cp27m-macosx_10_15_x86_64.whl", hash = "sha256:b5031d151d6147eac53366d6ec87da84cd4d8c5e80b1d9948a667a7164116e39"},
    {file = "lxml-4.9.0-cp27-cp27m-manylinux_2_5_i686.manylinux1_i686.whl", hash = "sha256:5d52e1173f52020392f593f87a6af2d4055dd800574a5cb0af4ea3878801d307"},
    {file = "lxml-4.9.0-cp27-cp27m-manylinux_2_5_x86_64.manylinux1_x86_64.whl", hash = "sha256:3af00ee88376022589ceeb8170eb67dacf5f7cd625ea59fa0977d719777d4ae8"},
    {file = "lxml-4.9.0-cp27-cp27m-win32.whl", hash = "sha256:1057356b808d149bc14eb8f37bb89129f237df488661c1e0fc0376ca90e1d2c3"},
    {file = "lxml-4.9.0-cp27-cp27m-win_amd64.whl", hash = "sha256:f6d23a01921b741774f35e924d418a43cf03eca1444f3fdfd7978d35a5aaab8b"},
    {file = "lxml-4.9.0-cp27-cp27mu-manylinux_2_5_i686.manylinux1_i686.whl", hash = "sha256:56e19fb6e4b8bd07fb20028d03d3bc67bcc0621347fbde64f248e44839771756"},
    {file = "lxml-4.9.0-cp27-cp27mu-manylinux_2_5_x86_64.manylinux1_x86_64.whl", hash = "sha256:4cd69bca464e892ea4ed544ba6a7850aaff6f8d792f8055a10638db60acbac18"},
    {file = "lxml-4.9.0-cp310-cp310-macosx_10_15_x86_64.whl", hash = "sha256:94b181dd2777890139e49a5336bf3a9a3378ce66132c665fe8db4e8b7683cde2"},
    {file = "lxml-4.9.0-cp310-cp310-manylinux_2_12_i686.manylinux2010_i686.manylinux_2_24_i686.whl", hash = "sha256:607224ffae9a0cf0a2f6e14f5f6bce43e83a6fbdaa647891729c103bdd6a5593"},
    {file = "lxml-4.9.0-cp310-cp310-manylinux_2_17_aarch64.manylinux2014_aarch64.manylinux_2_24_aarch64.whl", hash = "sha256:11d62c97ceff9bab94b6b29c010ea5fb6831743459bb759c917f49ba75601cd0"},
    {file = "lxml-4.9.0-cp310-cp310-manylinux_2_17_x86_64.manylinux2014_x86_64.manylinux_2_24_x86_64.whl", hash = "sha256:70a198030d26f5e569367f0f04509b63256faa76a22886280eea69a4f535dd40"},
    {file = "lxml-4.9.0-cp310-cp310-musllinux_1_1_x86_64.whl", hash = "sha256:3cf816aed8125cfc9e6e5c6c31ff94278320d591bd7970c4a0233bee0d1c8790"},
    {file = "lxml-4.9.0-cp310-cp310-win32.whl", hash = "sha256:65b3b5f12c6fb5611e79157214f3cd533083f9b058bf2fc8a1c5cc5ee40fdc5a"},
    {file = "lxml-4.9.0-cp310-cp310-win_amd64.whl", hash = "sha256:0aa4cce579512c33373ca4c5e23c21e40c1aa1a33533a75e51b654834fd0e4f2"},
    {file = "lxml-4.9.0-cp35-cp35m-manylinux_2_5_i686.manylinux1_i686.whl", hash = "sha256:63419db39df8dc5564f6f103102c4665f7e4d9cb64030e98cf7a74eae5d5760d"},
    {file = "lxml-4.9.0-cp35-cp35m-manylinux_2_5_x86_64.manylinux1_x86_64.whl", hash = "sha256:d8e5021e770b0a3084c30dda5901d5fce6d4474feaf0ced8f8e5a82702502fbb"},
    {file = "lxml-4.9.0-cp35-cp35m-win32.whl", hash = "sha256:f17b9df97c5ecdfb56c5e85b3c9df9831246df698f8581c6e111ac664c7c656e"},
    {file = "lxml-4.9.0-cp35-cp35m-win_amd64.whl", hash = "sha256:75da29a0752c8f2395df0115ac1681cefbdd4418676015be8178b733704cbff2"},
    {file = "lxml-4.9.0-cp36-cp36m-macosx_10_15_x86_64.whl", hash = "sha256:e4d020ecf3740b7312bacab2cb966bb720fd4d3490562d373b4ad91dd1857c0d"},
    {file = "lxml-4.9.0-cp36-cp36m-manylinux_2_12_i686.manylinux2010_i686.manylinux_2_24_i686.whl", hash = "sha256:b71c52d69b91af7d18c13aef1b0cc3baee36b78607c711eb14a52bf3aa7c815e"},
    {file = "lxml-4.9.0-cp36-cp36m-manylinux_2_17_aarch64.manylinux2014_aarch64.whl", hash = "sha256:28cf04a1a38e961d4a764d2940af9b941b66263ed5584392ef875ee9c1e360a3"},
    {file = "lxml-4.9.0-cp36-cp36m-manylinux_2_17_x86_64.manylinux2014_x86_64.manylinux_2_24_x86_64.whl", hash = "sha256:915ecf7d486df17cc65aeefdb680d5ad4390cc8c857cf8db3fe241ed234f856a"},
    {file = "lxml-4.9.0-cp36-cp36m-manylinux_2_5_i686.manylinux1_i686.whl", hash = "sha256:e564d5a771b4015f34166a05ea2165b7e283635c41b1347696117f780084b46d"},
    {file = "lxml-4.9.0-cp36-cp36m-manylinux_2_5_x86_64.manylinux1_x86_64.whl", hash = "sha256:c2a57755e366e0ac7ebdb3e9207f159c3bf1afed02392ab18453ce81f5ee92ee"},
    {file = "lxml-4.9.0-cp36-cp36m-musllinux_1_1_x86_64.whl", hash = "sha256:00f3a6f88fd5f4357844dd91a1abac5f466c6799f1b7f1da2df6665253845b11"},
    {file = "lxml-4.9.0-cp36-cp36m-win32.whl", hash = "sha256:9093a359a86650a3dbd6532c3e4d21a6f58ba2cb60d0e72db0848115d24c10ba"},
    {file = "lxml-4.9.0-cp36-cp36m-win_amd64.whl", hash = "sha256:d1690c4d37674a5f0cdafbc5ed7e360800afcf06928c2a024c779c046891bf09"},
    {file = "lxml-4.9.0-cp37-cp37m-macosx_10_15_x86_64.whl", hash = "sha256:6af7f51a6010748fc1bb71917318d953c9673e4ae3f6d285aaf93ef5b2eb11c1"},
    {file = "lxml-4.9.0-cp37-cp37m-manylinux_2_12_i686.manylinux2010_i686.manylinux_2_24_i686.whl", hash = "sha256:eabdbe04ee0a7e760fa6cd9e799d2b020d098c580ba99107d52e1e5e538b1ecb"},
    {file = "lxml-4.9.0-cp37-cp37m-manylinux_2_17_aarch64.manylinux2014_aarch64.manylinux_2_24_aarch64.whl", hash = "sha256:b1e22f3ee4d75ca261b6bffbf64f6f178cb194b1be3191065a09f8d98828daa9"},
    {file = "lxml-4.9.0-cp37-cp37m-manylinux_2_17_x86_64.manylinux2014_x86_64.manylinux_2_24_x86_64.whl", hash = "sha256:53b0410b220766321759f7f9066da67b1d0d4a7f6636a477984cbb1d98483955"},
    {file = "lxml-4.9.0-cp37-cp37m-manylinux_2_5_i686.manylinux1_i686.whl", hash = "sha256:d76da27f5e3e9bc40eba6ed7a9e985f57547e98cf20521d91215707f2fb57e0f"},
    {file = "lxml-4.9.0-cp37-cp37m-manylinux_2_5_x86_64.manylinux1_x86_64.whl", hash = "sha256:686565ac77ff94a8965c11829af253d9e2ce3bf0d9225b1d2eb5c4d4666d0dca"},
    {file = "lxml-4.9.0-cp37-cp37m-musllinux_1_1_x86_64.whl", hash = "sha256:b62d1431b4c40cda43cc986f19b8c86b1d2ae8918cfc00f4776fdf070b65c0c4"},
    {file = "lxml-4.9.0-cp37-cp37m-win32.whl", hash = "sha256:4becd16750ca5c2a1b1588269322b2cebd10c07738f336c922b658dbab96a61c"},
    {file = "lxml-4.9.0-cp37-cp37m-win_amd64.whl", hash = "sha256:e35a298691b9e10e5a5631f8f0ba605b30ebe19208dc8f58b670462f53753641"},
    {file = "lxml-4.9.0-cp38-cp38-macosx_10_15_x86_64.whl", hash = "sha256:aa7447bf7c1a15ef24e2b86a277b585dd3f055e8890ac7f97374d170187daa97"},
    {file = "lxml-4.9.0-cp38-cp38-manylinux_2_12_i686.manylinux2010_i686.manylinux_2_24_i686.whl", hash = "sha256:612ef8f2795a89ba3a1d4c8c1af84d8453fd53ee611aa5ad460fdd2cab426fc2"},
    {file = "lxml-4.9.0-cp38-cp38-manylinux_2_17_aarch64.manylinux2014_aarch64.manylinux_2_24_aarch64.whl", hash = "sha256:1bfb791a8fcdbf55d1d41b8be940393687bec0e9b12733f0796668086d1a23ff"},
    {file = "lxml-4.9.0-cp38-cp38-manylinux_2_17_x86_64.manylinux2014_x86_64.manylinux_2_24_x86_64.whl", hash = "sha256:024684e0c5cfa121c22140d3a0898a3a9b2ea0f0fd2c229b6658af4bdf1155e5"},
    {file = "lxml-4.9.0-cp38-cp38-manylinux_2_5_i686.manylinux1_i686.whl", hash = "sha256:81c29c8741fa07ecec8ec7417c3d8d1e2f18cf5a10a280f4e1c3f8c3590228b2"},
    {file = "lxml-4.9.0-cp38-cp38-manylinux_2_5_x86_64.manylinux1_x86_64.whl", hash = "sha256:6467626fa74f96f4d80fc6ec2555799e97fff8f36e0bfc7f67769f83e59cff40"},
    {file = "lxml-4.9.0-cp38-cp38-musllinux_1_1_x86_64.whl", hash = "sha256:9cae837b988f44925d14d048fa6a8c54f197c8b1223fd9ee9c27084f84606143"},
    {file = "lxml-4.9.0-cp38-cp38-win32.whl", hash = "sha256:5a49ad78543925e1a4196e20c9c54492afa4f1502c2a563f73097e2044c75190"},
    {file = "lxml-4.9.0-cp38-cp38-win_amd64.whl", hash = "sha256:bb7c1b029e54e26e01b1d1d912fc21abb65650d16ea9a191d026def4ed0859ed"},
    {file = "lxml-4.9.0-cp39-cp39-macosx_10_15_x86_64.whl", hash = "sha256:d0d03b9636f1326772e6854459728676354d4c7731dae9902b180e2065ba3da6"},
    {file = "lxml-4.9.0-cp39-cp39-manylinux_2_12_i686.manylinux2010_i686.manylinux_2_24_i686.whl", hash = "sha256:9af19eb789d674b59a9bee5005779757aab857c40bf9cc313cb01eafac55ce55"},
    {file = "lxml-4.9.0-cp39-cp39-manylinux_2_17_aarch64.manylinux2014_aarch64.manylinux_2_24_aarch64.whl", hash = "sha256:dd00d28d1ab5fa7627f5abc957f29a6338a7395b724571a8cbff8fbed83aaa82"},
    {file = "lxml-4.9.0-cp39-cp39-manylinux_2_17_x86_64.manylinux2014_x86_64.manylinux_2_24_x86_64.whl", hash = "sha256:754a1dd04bff8a509a31146bd8f3a5dc8191a8694d582dd5fb71ff09f0722c22"},
    {file = "lxml-4.9.0-cp39-cp39-manylinux_2_5_i686.manylinux1_i686.whl", hash = "sha256:b7679344f2270840dc5babc9ccbedbc04f7473c1f66d4676bb01680c0db85bcc"},
    {file = "lxml-4.9.0-cp39-cp39-manylinux_2_5_x86_64.manylinux1_x86_64.whl", hash = "sha256:d882c2f3345261e898b9f604be76b61c901fbfa4ac32e3f51d5dc1edc89da3cb"},
    {file = "lxml-4.9.0-cp39-cp39-musllinux_1_1_x86_64.whl", hash = "sha256:4e97c8fc761ad63909198acc892f34c20f37f3baa2c50a62d5ec5d7f1efc68a1"},
    {file = "lxml-4.9.0-cp39-cp39-win32.whl", hash = "sha256:cf9ec915857d260511399ab87e1e70fa13d6b2972258f8e620a3959468edfc32"},
    {file = "lxml-4.9.0-cp39-cp39-win_amd64.whl", hash = "sha256:1254a79f8a67a3908de725caf59eae62d86738f6387b0a34b32e02abd6ae73db"},
    {file = "lxml-4.9.0-pp37-pypy37_pp73-macosx_10_15_x86_64.whl", hash = "sha256:03370ec37fe562238d385e2c53089076dee53aabf8325cab964fdb04a9130fa0"},
    {file = "lxml-4.9.0-pp37-pypy37_pp73-manylinux_2_12_i686.manylinux2010_i686.manylinux_2_24_i686.whl", hash = "sha256:f386def57742aacc3d864169dfce644a8c396f95aa35b41b69df53f558d56dd0"},
    {file = "lxml-4.9.0-pp37-pypy37_pp73-manylinux_2_17_x86_64.manylinux2014_x86_64.manylinux_2_24_x86_64.whl", hash = "sha256:ea3f2e9eb41f973f73619e88bf7bd950b16b4c2ce73d15f24a11800ce1eaf276"},
    {file = "lxml-4.9.0-pp38-pypy38_pp73-macosx_10_15_x86_64.whl", hash = "sha256:2d10659e6e5c53298e6d718fd126e793285bff904bb71d7239a17218f6a197b7"},
    {file = "lxml-4.9.0-pp38-pypy38_pp73-manylinux_2_12_i686.manylinux2010_i686.manylinux_2_24_i686.whl", hash = "sha256:fcdf70191f0d1761d190a436db06a46f05af60e1410e1507935f0332280c9268"},
    {file = "lxml-4.9.0-pp38-pypy38_pp73-manylinux_2_17_x86_64.manylinux2014_x86_64.manylinux_2_24_x86_64.whl", hash = "sha256:2b9c2341d96926b0d0e132e5c49ef85eb53fa92ae1c3a70f9072f3db0d32bc07"},
    {file = "lxml-4.9.0-pp39-pypy39_pp73-manylinux_2_12_i686.manylinux2010_i686.manylinux_2_24_i686.whl", hash = "sha256:615886ee84b6f42f1bdf1852a9669b5fe3b96b6ff27f1a7a330b67ad9911200a"},
    {file = "lxml-4.9.0-pp39-pypy39_pp73-manylinux_2_17_x86_64.manylinux2014_x86_64.manylinux_2_24_x86_64.whl", hash = "sha256:94f2e45b054dd759bed137b6e14ae8625495f7d90ddd23cf62c7a68f72b62656"},
    {file = "lxml-4.9.0.tar.gz", hash = "sha256:520461c36727268a989790aef08884347cd41f2d8ae855489ccf40b50321d8d7"},
]
pymongo = [
    {file = "pymongo-4.1.1-cp310-cp310-macosx_10_9_universal2.whl", hash = "sha256:eff9818b7671a55f1ce781398607e0d8c304cd430c0581fbe15b868a7a371c27"},
    {file = "pymongo-4.1.1-cp310-cp310-manylinux1_i686.whl", hash = "sha256:7507439cd799295893b5602f438f8b6a0f483efb00720df1aa33a39102b41bcf"},
    {file = "pymongo-4.1.1-cp310-cp310-manylinux2014_aarch64.whl", hash = "sha256:c759e1e0333664831d8d1d6b26cf59f23f3707758f696c71f506504b33130f81"},
    {file = "pymongo-4.1.1-cp310-cp310-manylinux2014_i686.whl", hash = "sha256:69beffb048de19f7c18617b90e38cbddfac20077b1826c27c3fe2e3ef8ac5a43"},
    {file = "pymongo-4.1.1-cp310-cp310-manylinux2014_ppc64le.whl", hash = "sha256:cbcac9263f500da94405cc9fc7e7a42a3ba6c2fe88b2cd7039737cba44c66889"},
    {file = "pymongo-4.1.1-cp310-cp310-manylinux2014_s390x.whl", hash = "sha256:d4ba5b4f1a0334dbe673f767f28775744e793fcb9ea57a1d72bc622c9f90e6b4"},
    {file = "pymongo-4.1.1-cp310-cp310-manylinux2014_x86_64.whl", hash = "sha256:c575f9499e5f540e034ff87bef894f031ae613a98b0d1d3afcc1f482527d5f1c"},
    {file = "pymongo-4.1.1-cp310-cp310-manylinux_2_17_aarch64.manylinux2014_aarch64.whl", hash = "sha256:89f32d8450e15b0c11efdc81e2704d68c502c889d48415a50add9fa031144f75"},
    {file = "pymongo-4.1.1-cp310-cp310-manylinux_2_17_ppc64le.manylinux2014_ppc64le.whl", hash = "sha256:a1417cb339a367a5dfd0e50193a1c0e87e31325547a0e7624ee4ff414c0b53b3"},
    {file = "pymongo-4.1.1-cp310-cp310-manylinux_2_17_s390x.manylinux2014_s390x.whl", hash = "sha256:56b856a459762a3c052987e28ed2bd4b874f0be6671d2cc4f74c4891f47f997a"},
    {file = "pymongo-4.1.1-cp310-cp310-manylinux_2_17_x86_64.manylinux2014_x86_64.whl", hash = "sha256:a938d4d5b530f8ea988afb80817209eabc150c53b8c7af79d40080313a35e470"},
    {file = "pymongo-4.1.1-cp310-cp310-manylinux_2_5_i686.manylinux1_i686.manylinux_2_17_i686.manylinux2014_i686.whl", hash = "sha256:c604831daf2e7e5979ecd97a90cb8c4a7bae208ff45bc792e32eae09c3281afb"},
    {file = "pymongo-4.1.1-cp310-cp310-win32.whl", hash = "sha256:f9405c02af86850e0a8a8ba777b7e7609e0d07bff46adc4f78892cc2d5456018"},
    {file = "pymongo-4.1.1-cp310-cp310-win_amd64.whl", hash = "sha256:e13ddfe2ead9540e8773cae098f54c5206d6fcef64846a3e5042db47fc3a41ed"},
    {file = "pymongo-4.1.1-cp36-cp36m-macosx_10_6_intel.whl", hash = "sha256:7f36eacc70849d40ce86c85042ecfcbeab810691b1a3b08062ede32a2d6521ac"},
    {file = "pymongo-4.1.1-cp36-cp36m-manylinux1_i686.whl", hash = "sha256:302ac0f4825501ab0900b8f1a2bb2dc7d28f69c7f15fbc799fb26f9b9ebb1ecb"},
    {file = "pymongo-4.1.1-cp36-cp36m-manylinux1_x86_64.whl", hash = "sha256:9ee1b019a4640bf39c0705ab65e934cfe6b89f1a8dc26f389fae3d7c62358d6f"},
    {file = "pymongo-4.1.1-cp36-cp36m-manylinux2014_aarch64.whl", hash = "sha256:c3637cfce519560e2a2579d05eb81e912d109283b8ddc8de46f57ec20d273d92"},
    {file = "pymongo-4.1.1-cp36-cp36m-manylinux2014_i686.whl", hash = "sha256:a0d7c6d6fbca62508ea525abd869fca78ecf68cd3bcf6ae67ec478aa37cf39c0"},
    {file = "pymongo-4.1.1-cp36-cp36m-manylinux2014_ppc64le.whl", hash = "sha256:f1fba193ab2f25849e24caa4570611aa2f80bc1c1ba791851523734b4ed69e43"},
    {file = "pymongo-4.1.1-cp36-cp36m-manylinux2014_s390x.whl", hash = "sha256:c8a2743dd50629c0222f26c5f55975e45841d985b4b1c7a54b3f03b53de3427d"},
    {file = "pymongo-4.1.1-cp36-cp36m-manylinux2014_x86_64.whl", hash = "sha256:8357aa727094798f1d831339ecfd8b3e388c01db6015a3cbd51790cb75e39994"},
    {file = "pymongo-4.1.1-cp36-cp36m-manylinux_2_17_aarch64.manylinux2014_aarch64.whl", hash = "sha256:0f7e3872fb7b61ec574b7e04302ea03928b670df583f8691cb1df6e54cd42b19"},
    {file = "pymongo-4.1.1-cp36-cp36m-manylinux_2_17_ppc64le.manylinux2014_ppc64le.whl", hash = "sha256:4aa4800530782f7d38aeb169476a5bc692aacc394686f0ca3866e4bb85c9aa3f"},
    {file = "pymongo-4.1.1-cp36-cp36m-manylinux_2_17_s390x.manylinux2014_s390x.whl", hash = "sha256:7d69a3d980ecbf7238ab37b9027c87ad3b278bb3742a150fc33b5a8a9d990431"},
    {file = "pymongo-4.1.1-cp36-cp36m-manylinux_2_17_x86_64.manylinux2014_x86_64.whl", hash = "sha256:df9084e06efb3d59608a6a443faa9861828585579f0ae8e95f5a4dab70f1a00f"},
    {file = "pymongo-4.1.1-cp36-cp36m-manylinux_2_5_i686.manylinux1_i686.manylinux_2_17_i686.manylinux2014_i686.whl", hash = "sha256:be3ba736aabf856195199208ed37459408c932940cbccd2dc9f6ff2e800b0261"},
    {file = "pymongo-4.1.1-cp36-cp36m-manylinux_2_5_i686.manylinux1_i686.whl", hash = "sha256:8f106468062ac7ff03e3522a66cb7b36c662326d8eb7af1be0f30563740ff002"},
    {file = "pymongo-4.1.1-cp36-cp36m-manylinux_2_5_x86_64.manylinux1_x86_64.whl", hash = "sha256:019a4c13ef1d9accd08de70247068671b116a0383adcd684f6365219f29f41cd"},
    {file = "pymongo-4.1.1-cp36-cp36m-win32.whl", hash = "sha256:a7d1c8830a7bc10420ceb60a256d25ab5b032a6dad12a46af6ab2e470cee9124"},
    {file = "pymongo-4.1.1-cp36-cp36m-win_amd64.whl", hash = "sha256:08a619c92769bd7346434dfc331a3aa8dc63bee80ed0be250bb0e878c69a6f3e"},
    {file = "pymongo-4.1.1-cp37-cp37m-macosx_10_6_intel.whl", hash = "sha256:c1349331fa743eed4042f9652200e60596f8beb957554acbcbb42aad4272c606"},
    {file = "pymongo-4.1.1-cp37-cp37m-manylinux1_i686.whl", hash = "sha256:8a1de8931cdad8cd12724e12a6167eef8cb478cc3ee5d2c9f4670c934f2975e1"},
    {file = "pymongo-4.1.1-cp37-cp37m-manylinux1_x86_64.whl", hash = "sha256:86b18420f00d5977bda477369ac85e04185ef94046a04ae0d85f5a807d1a8eb4"},
    {file = "pymongo-4.1.1-cp37-cp37m-manylinux2014_aarch64.whl", hash = "sha256:84dc6bfeaeba98fe93fc837b12f9af4842694cdbde18083f150e80aec3de88f9"},
    {file = "pymongo-4.1.1-cp37-cp37m-manylinux2014_i686.whl", hash = "sha256:306336dab4537b2343e52ec34017c3051c3aee5a961fff4915ab27f7e6d9b1e9"},
    {file = "pymongo-4.1.1-cp37-cp37m-manylinux2014_ppc64le.whl", hash = "sha256:c481cd1af2a77f58f495f7f87c2d715c6f1179d07c1ec927cca1f7977a2d99aa"},
    {file = "pymongo-4.1.1-cp37-cp37m-manylinux2014_s390x.whl", hash = "sha256:cce1b7a680653e31ff2b252f19a39f1ded578a35a96c419ddb9632c62d2af7d8"},
    {file = "pymongo-4.1.1-cp37-cp37m-manylinux2014_x86_64.whl", hash = "sha256:35d02603c2318676fca5049cdc722bb2e7a378eaccf139ad767365e0eb3bcdbe"},
    {file = "pymongo-4.1.1-cp37-cp37m-manylinux_2_17_aarch64.manylinux2014_aarch64.whl", hash = "sha256:cf96799b3e5e2e2f6dbca015f72b28e7ae415ce8147472f89a3704a035d6336d"},
    {file = "pymongo-4.1.1-cp37-cp37m-manylinux_2_17_ppc64le.manylinux2014_ppc64le.whl", hash = "sha256:7aa40509dd9f75c256f0a7533d5e2ccef711dbbf0d91c13ac937d21d76d71656"},
    {file = "pymongo-4.1.1-cp37-cp37m-manylinux_2_17_s390x.manylinux2014_s390x.whl", hash = "sha256:4d1cdece06156542c18b691511a01fe78a694b9fa287ffd8e15680dbf2beeed5"},
    {file = "pymongo-4.1.1-cp37-cp37m-manylinux_2_17_x86_64.manylinux2014_x86_64.whl", hash = "sha256:17df40753085ccba38a0e150001f757910d66440d9b5deced30ed4cc8b45b6f3"},
    {file = "pymongo-4.1.1-cp37-cp37m-manylinux_2_5_i686.manylinux1_i686.manylinux_2_17_i686.manylinux2014_i686.whl", hash = "sha256:4516a5ce2beaebddc74d6e304ed520324dda99573c310ef4078284b026f81e93"},
    {file = "pymongo-4.1.1-cp37-cp37m-manylinux_2_5_i686.manylinux1_i686.whl", hash = "sha256:52c8b7bffd2140818ade2aa28c24cfe47935a7273a3bb976d1d8fb17e716536f"},
    {file = "pymongo-4.1.1-cp37-cp37m-manylinux_2_5_x86_64.manylinux1_x86_64.whl", hash = "sha256:7dae2cf84a09329617b08731b95ad1fc98d50a9b40c2007e351438bd119a2f7a"},
    {file = "pymongo-4.1.1-cp37-cp37m-win32.whl", hash = "sha256:0a3474e6a0df0077a44573727341df6627042df5ca61ea5373c157bb6512ccc7"},
    {file = "pymongo-4.1.1-cp37-cp37m-win_amd64.whl", hash = "sha256:deb83cc9f639045e2febcc8d4306d4b83893af8d895f2ed70aa342a3430b534c"},
    {file = "pymongo-4.1.1-cp38-cp38-macosx_10_9_x86_64.whl", hash = "sha256:298908478d07871dbe17e9ccd37a10a27ad3f37cc1faaf0cc4d205da3c3e8539"},
    {file = "pymongo-4.1.1-cp38-cp38-manylinux1_i686.whl", hash = "sha256:5d6ef3fa41f3e3be93483a77f81dea8c7ce5ed4411382a31af2b09b9ec5d9585"},
    {file = "pymongo-4.1.1-cp38-cp38-manylinux1_x86_64.whl", hash = "sha256:d06ed18917dbc7a938c4231cbbec52a7e474be270b2ef9208abb4d5a34f5ceb9"},
    {file = "pymongo-4.1.1-cp38-cp38-manylinux2014_aarch64.whl", hash = "sha256:4e4d2babb8737d650250d0fa940ffa1b88aa92b8eb399af093734950a1eeca45"},
    {file = "pymongo-4.1.1-cp38-cp38-manylinux2014_i686.whl", hash = "sha256:303d1b3da2461586379d98b344b529598c8156857285ba5bd156dab1c875d1f6"},
    {file = "pymongo-4.1.1-cp38-cp38-manylinux2014_ppc64le.whl", hash = "sha256:6396f0db060db9d8751167ea08f3a77a41a71cd39236fade4409394e57b377e8"},
    {file = "pymongo-4.1.1-cp38-cp38-manylinux2014_s390x.whl", hash = "sha256:9a4ea87a0401c06b687db29e2ae836b2b58480ab118cb6eea8ac2ef45a4345f8"},
    {file = "pymongo-4.1.1-cp38-cp38-manylinux2014_x86_64.whl", hash = "sha256:49bb36986f11da2da190a2e777a411c0a28eeb8623850091ea8099b84e3860c7"},
    {file = "pymongo-4.1.1-cp38-cp38-manylinux_2_17_aarch64.manylinux2014_aarch64.whl", hash = "sha256:5cae9c935cdc53e4729920543b7d990615a115d85f32144773bc4b2b05144628"},
    {file = "pymongo-4.1.1-cp38-cp38-manylinux_2_17_ppc64le.manylinux2014_ppc64le.whl", hash = "sha256:baf7546afd27be4f96f23307d7c295497fb512875167743b14a7457b95761294"},
    {file = "pymongo-4.1.1-cp38-cp38-manylinux_2_17_s390x.manylinux2014_s390x.whl", hash = "sha256:07f50a3b8a3afb086089abcd9ab562fb2a27b63fd7017ca13dfe7b663c8f3762"},
    {file = "pymongo-4.1.1-cp38-cp38-manylinux_2_17_x86_64.manylinux2014_x86_64.whl", hash = "sha256:0b8a1c766de29173ddbd316dbd75a97b19a4cf9ac45a39ad4f53426e5df1483b"},
    {file = "pymongo-4.1.1-cp38-cp38-manylinux_2_5_i686.manylinux1_i686.manylinux_2_17_i686.manylinux2014_i686.whl", hash = "sha256:a9a2c377106fe01a57bad0f703653de286d56ee5285ed36c6953535cfa11f928"},
    {file = "pymongo-4.1.1-cp38-cp38-manylinux_2_5_i686.manylinux1_i686.whl", hash = "sha256:dfb89e92746e4a1e0d091cba73d6cc1e16b4094ebdbb14c2e96a80320feb1ad7"},
    {file = "pymongo-4.1.1-cp38-cp38-manylinux_2_5_x86_64.manylinux1_x86_64.whl", hash = "sha256:bb21e2f35d6f09aa4a6df0c716f41e036cfcf05a98323b50294f93085ad775e9"},
    {file = "pymongo-4.1.1-cp38-cp38-win32.whl", hash = "sha256:dbe92a8808cefb284e235b8f82933d7d2e24ff929fe5d53f1fd3ca55fced4b58"},
    {file = "pymongo-4.1.1-cp38-cp38-win_amd64.whl", hash = "sha256:e6eecd027b6ba5617ea6af3e12e20d578d8f4ad1bf51a9abe69c6fd4835ea532"},
    {file = "pymongo-4.1.1-cp39-cp39-macosx_10_9_x86_64.whl", hash = "sha256:fb4445e3721720c5ca14c0650f35c263b3430e6e16df9d2504618df914b3fb99"},
    {file = "pymongo-4.1.1-cp39-cp39-manylinux1_i686.whl", hash = "sha256:f6db4f00d3baad615e99a865539391243d12b113fb628ebda1d7794ce02d5a10"},
    {file = "pymongo-4.1.1-cp39-cp39-manylinux1_x86_64.whl", hash = "sha256:571a3e1ef4abeb4ac719ac381f5aada664627b4ee048d9995e93b4bcd0f70601"},
    {file = "pymongo-4.1.1-cp39-cp39-manylinux2014_aarch64.whl", hash = "sha256:c03eb43d15c8af58159e7561076634d565530aaacaf48cf4e070c3501e88a372"},
    {file = "pymongo-4.1.1-cp39-cp39-manylinux2014_i686.whl", hash = "sha256:30d35a8855f328a85e5002f0908b24e500efdf8f5f78b73098995ce111baa2a9"},
    {file = "pymongo-4.1.1-cp39-cp39-manylinux2014_ppc64le.whl", hash = "sha256:33a5693e8d1fbb7743b7e867d43c1095652a0c6fedddab6cefe6020bee2ca393"},
    {file = "pymongo-4.1.1-cp39-cp39-manylinux2014_s390x.whl", hash = "sha256:a35f1937b0560587d478fd2259a6d4f66cf511c9d28e90b52b183745eaa77d95"},
    {file = "pymongo-4.1.1-cp39-cp39-manylinux2014_x86_64.whl", hash = "sha256:4fd5c4f25d8d488ee5701c3ec786f52907dca653b47ce8709bcc2bfb0f5506ae"},
    {file = "pymongo-4.1.1-cp39-cp39-manylinux_2_17_aarch64.manylinux2014_aarch64.whl", hash = "sha256:db8a9cbe965c7343feab2e2bf9a3771f303f8a7ca401dececb6ef28e06b3b18c"},
    {file = "pymongo-4.1.1-cp39-cp39-manylinux_2_17_ppc64le.manylinux2014_ppc64le.whl", hash = "sha256:7f55a602d55e8f0feafde533c69dfd29bf0e54645ab0996b605613cda6894a85"},
    {file = "pymongo-4.1.1-cp39-cp39-manylinux_2_17_s390x.manylinux2014_s390x.whl", hash = "sha256:a4a35e83abfdac7095430e1c1476e0871e4b234e936f4a7a7631531b09a4f198"},
    {file = "pymongo-4.1.1-cp39-cp39-manylinux_2_17_x86_64.manylinux2014_x86_64.whl", hash = "sha256:32e785c37f6a0e844788c6085ea2c9c0c528348c22cebe91896705a92f2b1b26"},
    {file = "pymongo-4.1.1-cp39-cp39-manylinux_2_5_i686.manylinux1_i686.manylinux_2_17_i686.manylinux2014_i686.whl", hash = "sha256:bc62ba37bcb42e4146b853940b65a2de31c2962d2b6da9bc3ce28270d13b5c4e"},
    {file = "pymongo-4.1.1-cp39-cp39-manylinux_2_5_i686.manylinux1_i686.whl", hash = "sha256:d86511ef8217822fb8716460aaa1ece31fe9e8a48900e541cb35acb7c35e9e2e"},
    {file = "pymongo-4.1.1-cp39-cp39-manylinux_2_5_x86_64.manylinux1_x86_64.whl", hash = "sha256:e4956384340eec7b526149ac126c8aa11d32441cb3ce77a690cb4821d0d0635c"},
    {file = "pymongo-4.1.1-cp39-cp39-win32.whl", hash = "sha256:3139c9ddee379c22a9109a0b3bf4cdb64597db2bbd3909f7a2825b47226977a4"},
    {file = "pymongo-4.1.1-cp39-cp39-win_amd64.whl", hash = "sha256:f0aea377b9dfc166c8fa05bb158c30ee3d53d73f0ed2fc05ba6c638d9563422f"},
    {file = "pymongo-4.1.1.tar.gz", hash = "sha256:d7b8f25c9b0043cbaf77b8b895814e33e7a3c807a097377c07e1bd49946030d5"},
]
